
Microsoft Visual Studio Solution File, Format Version 12.00
# Visual Studio Version 16
VisualStudioVersion = 16.0.29411.108
MinimumVisualStudioVersion = 10.0.40219.1
Project("{FAE04EC0-301F-11D3-BF4B-00C04F79EFBC}") = "Jokesdatabase.Android", "Jokesdatabase\Jokesdatabase.Android\Jokesdatabase.Android.csproj", "{AE095742-210D-4DDE-8BE5-A4D69782E2B5}"
EndProject
Project("{FAE04EC0-301F-11D3-BF4B-00C04F79EFBC}") = "Jokesdatabase.iOS", "Jokesdatabase\Jokesdatabase.iOS\Jokesdatabase.iOS.csproj", "{C3BDF7F5-4563-4462-83A2-0542FD7AEAB0}"
EndProject
Project("{FAE04EC0-301F-11D3-BF4B-00C04F79EFBC}") = "Jokesdatabase", "Jokesdatabase\Jokesdatabase\Jokesdatabase.csproj", "{A4C01A73-B76C-471B-B602-B91CA76A5A61}"
EndProject
Global
	GlobalSection(SolutionConfigurationPlatforms) = preSolution
		Debug|Any CPU = Debug|Any CPU
		Debug|iPhone = Debug|iPhone
		Debug|iPhoneSimulator = Debug|iPhoneSimulator
		Release|Any CPU = Release|Any CPU
		Release|iPhone = Release|iPhone
		Release|iPhoneSimulator = Release|iPhoneSimulator
	EndGlobalSection
	GlobalSection(ProjectConfigurationPlatforms) = postSolution
		{AE095742-210D-4DDE-8BE5-A4D69782E2B5}.Debug|Any CPU.ActiveCfg = Debug|Any CPU
		{AE095742-210D-4DDE-8BE5-A4D69782E2B5}.Debug|Any CPU.Build.0 = Debug|Any CPU
		{AE095742-210D-4DDE-8BE5-A4D69782E2B5}.Debug|Any CPU.Deploy.0 = Debug|Any CPU
		{AE095742-210D-4DDE-8BE5-A4D69782E2B5}.Debug|iPhone.ActiveCfg = Debug|Any CPU
		{AE095742-210D-4DDE-8BE5-A4D69782E2B5}.Debug|iPhone.Build.0 = Debug|Any CPU
		{AE095742-210D-4DDE-8BE5-A4D69782E2B5}.Debug|iPhone.Deploy.0 = Debug|Any CPU
		{AE095742-210D-4DDE-8BE5-A4D69782E2B5}.Debug|iPhoneSimulator.ActiveCfg = Debug|Any CPU
		{AE095742-210D-4DDE-8BE5-A4D69782E2B5}.Debug|iPhoneSimulator.Build.0 = Debug|Any CPU
		{AE095742-210D-4DDE-8BE5-A4D69782E2B5}.Debug|iPhoneSimulator.Deploy.0 = Debug|Any CPU
		{AE095742-210D-4DDE-8BE5-A4D69782E2B5}.Release|Any CPU.ActiveCfg = Release|Any CPU
		{AE095742-210D-4DDE-8BE5-A4D69782E2B5}.Release|Any CPU.Build.0 = Release|Any CPU
		{AE095742-210D-4DDE-8BE5-A4D69782E2B5}.Release|Any CPU.Deploy.0 = Release|Any CPU
		{AE095742-210D-4DDE-8BE5-A4D69782E2B5}.Release|iPhone.ActiveCfg = Release|Any CPU
		{AE095742-210D-4DDE-8BE5-A4D69782E2B5}.Release|iPhone.Build.0 = Release|Any CPU
		{AE095742-210D-4DDE-8BE5-A4D69782E2B5}.Release|iPhone.Deploy.0 = Release|Any CPU
		{AE095742-210D-4DDE-8BE5-A4D69782E2B5}.Release|iPhoneSimulator.ActiveCfg = Release|Any CPU
		{AE095742-210D-4DDE-8BE5-A4D69782E2B5}.Release|iPhoneSimulator.Build.0 = Release|Any CPU
		{AE095742-210D-4DDE-8BE5-A4D69782E2B5}.Release|iPhoneSimulator.Deploy.0 = Release|Any CPU
		{C3BDF7F5-4563-4462-83A2-0542FD7AEAB0}.Debug|Any CPU.ActiveCfg = Debug|iPhoneSimulator
		{C3BDF7F5-4563-4462-83A2-0542FD7AEAB0}.Debug|Any CPU.Build.0 = Debug|iPhoneSimulator
		{C3BDF7F5-4563-4462-83A2-0542FD7AEAB0}.Debug|Any CPU.Deploy.0 = Debug|iPhoneSimulator
		{C3BDF7F5-4563-4462-83A2-0542FD7AEAB0}.Debug|iPhone.ActiveCfg = Debug|iPhone
		{C3BDF7F5-4563-4462-83A2-0542FD7AEAB0}.Debug|iPhone.Build.0 = Debug|iPhone
		{C3BDF7F5-4563-4462-83A2-0542FD7AEAB0}.Debug|iPhone.Deploy.0 = Debug|iPhone
		{C3BDF7F5-4563-4462-83A2-0542FD7AEAB0}.Debug|iPhoneSimulator.ActiveCfg = Debug|iPhoneSimulator
		{C3BDF7F5-4563-4462-83A2-0542FD7AEAB0}.Debug|iPhoneSimulator.Build.0 = Debug|iPhoneSimulator
		{C3BDF7F5-4563-4462-83A2-0542FD7AEAB0}.Debug|iPhoneSimulator.Deploy.0 = Debug|iPhoneSimulator
		{C3BDF7F5-4563-4462-83A2-0542FD7AEAB0}.Release|Any CPU.ActiveCfg = Release|iPhone
		{C3BDF7F5-4563-4462-83A2-0542FD7AEAB0}.Release|Any CPU.Build.0 = Release|iPhone
		{C3BDF7F5-4563-4462-83A2-0542FD7AEAB0}.Release|Any CPU.Deploy.0 = Release|iPhone
		{C3BDF7F5-4563-4462-83A2-0542FD7AEAB0}.Release|iPhone.ActiveCfg = Release|iPhone
		{C3BDF7F5-4563-4462-83A2-0542FD7AEAB0}.Release|iPhone.Build.0 = Release|iPhone
		{C3BDF7F5-4563-4462-83A2-0542FD7AEAB0}.Release|iPhone.Deploy.0 = Release|iPhone
		{C3BDF7F5-4563-4462-83A2-0542FD7AEAB0}.Release|iPhoneSimulator.ActiveCfg = Release|iPhoneSimulator
		{C3BDF7F5-4563-4462-83A2-0542FD7AEAB0}.Release|iPhoneSimulator.Build.0 = Release|iPhoneSimulator
		{C3BDF7F5-4563-4462-83A2-0542FD7AEAB0}.Release|iPhoneSimulator.Deploy.0 = Release|iPhoneSimulator
		{A4C01A73-B76C-471B-B602-B91CA76A5A61}.Debug|Any CPU.ActiveCfg = Debug|Any CPU
		{A4C01A73-B76C-471B-B602-B91CA76A5A61}.Debug|Any CPU.Build.0 = Debug|Any CPU
		{A4C01A73-B76C-471B-B602-B91CA76A5A61}.Debug|Any CPU.Deploy.0 = Debug|Any CPU
		{A4C01A73-B76C-471B-B602-B91CA76A5A61}.Debug|iPhone.ActiveCfg = Debug|Any CPU
		{A4C01A73-B76C-471B-B602-B91CA76A5A61}.Debug|iPhone.Build.0 = Debug|Any CPU
		{A4C01A73-B76C-471B-B602-B91CA76A5A61}.Debug|iPhone.Deploy.0 = Debug|Any CPU
		{A4C01A73-B76C-471B-B602-B91CA76A5A61}.Debug|iPhoneSimulator.ActiveCfg = Debug|Any CPU
		{A4C01A73-B76C-471B-B602-B91CA76A5A61}.Debug|iPhoneSimulator.Build.0 = Debug|Any CPU
		{A4C01A73-B76C-471B-B602-B91CA76A5A61}.Debug|iPhoneSimulator.Deploy.0 = Debug|Any CPU
		{A4C01A73-B76C-471B-B602-B91CA76A5A61}.Release|Any CPU.ActiveCfg = Release|Any CPU
		{A4C01A73-B76C-471B-B602-B91CA76A5A61}.Release|Any CPU.Build.0 = Release|Any CPU
		{A4C01A73-B76C-471B-B602-B91CA76A5A61}.Release|Any CPU.Deploy.0 = Release|Any CPU
		{A4C01A73-B76C-471B-B602-B91CA76A5A61}.Release|iPhone.ActiveCfg = Release|Any CPU
		{A4C01A73-B76C-471B-B602-B91CA76A5A61}.Release|iPhone.Build.0 = Release|Any CPU
		{A4C01A73-B76C-471B-B602-B91CA76A5A61}.Release|iPhone.Deploy.0 = Release|Any CPU
		{A4C01A73-B76C-471B-B602-B91CA76A5A61}.Release|iPhoneSimulator.ActiveCfg = Release|Any CPU
		{A4C01A73-B76C-471B-B602-B91CA76A5A61}.Release|iPhoneSimulator.Build.0 = Release|Any CPU
		{A4C01A73-B76C-471B-B602-B91CA76A5A61}.Release|iPhoneSimulator.Deploy.0 = Release|Any CPU
	EndGlobalSection
	GlobalSection(SolutionProperties) = preSolution
		HideSolutionNode = FALSE
	EndGlobalSection
	GlobalSection(ExtensibilityGlobals) = postSolution
		SolutionGuid = {001D8EBD-64D2-45A1-BF0C-FB0479FDC3E3}
	EndGlobalSection
EndGlobal
